{
  "name": "task-setup",
  "version": "1.0.0",
  "lockfileVersion": 3,
  "requires": true,
  "packages": {
    "": {
      "name": "task-setup",
      "version": "1.0.0",
      "bin": {
        "task-setup": "bin/task-setup.js"
      },
      "engines": {
        "node": ">=18"
      }
    }
  }
}
